
Microsoft Visual Studio Solution File, Format Version 12.00
#
Project("{2150E333-8FDC-42A3-9474-1A3956D46DE8}") = "tests", "tests", "{3A1EB8F8-097C-41D3-97E3-EA8BCD15C4E4}"
EndProject
Project("{FAE04EC0-301F-11D3-BF4B-00C04F79EFBC}") = "EventHorizon.RocketMQ.Benchmarks", "tests\EventHorizon.RocketMQ.Benchmarks\EventHorizon.RocketMQ.Benchmarks.csproj", "{A87C21D6-EC11-4B3A-A9F3-8FBC6438A426}"
EndProject
Project("{2150E333-8FDC-42A3-9474-1A3956D46DE8}") = "src", "src", "{E8C84D48-D505-4379-B457-21D3CBDA5F0F}"
EndProject
Project("{FAE04EC0-301F-11D3-BF4B-00C04F79EFBC}") = "EventHorizon.RocketMQ.Grpc", "src\EventHorizon.RocketMQ.Grpc\EventHorizon.RocketMQ.Grpc.csproj", "{336A0CA5-A476-49F9-A417-6CDC68A60F32}"
EndProject
Project("{FAE04EC0-301F-11D3-BF4B-00C04F79EFBC}") = "EventHorizon.RocketMQ.Remoting", "src\EventHorizon.RocketMQ.Remoting\EventHorizon.RocketMQ.Remoting.csproj", "{9B062607-2194-4CC8-A397-D0E3FAE2965A}"
EndProject
Project("{FAE04EC0-301F-11D3-BF4B-00C04F79EFBC}") = "EventHorizon.RocketMQ.Compatibility.Tests", "tests\EventHorizon.RocketMQ.Compatibility.Tests\EventHorizon.RocketMQ.Compatibility.Tests.csproj", "{584A17A5-4F07-4CA9-B5C4-8FFAB2B5ED73}"
EndProject
Project("{FAE04EC0-301F-11D3-BF4B-00C04F79EFBC}") = "EventHorizon.RocketMQ.Grpc.Tests", "tests\EventHorizon.RocketMQ.Grpc.Tests\EventHorizon.RocketMQ.Grpc.Tests.csproj", "{2C37EC30-EB5B-4B3F-9FD8-F4C11680A06F}"
EndProject
Project("{FAE04EC0-301F-11D3-BF4B-00C04F79EFBC}") = "EventHorizon.RocketMQ.Remoting.Tests", "tests\EventHorizon.RocketMQ.Remoting.Tests\EventHorizon.RocketMQ.Remoting.Tests.csproj", "{E1574780-5230-4664-9F10-3B9B057E9818}"
EndProject
Project("{FAE04EC0-301F-11D3-BF4B-00C04F79EFBC}") = "EventHorizon.RocketMQ.IntegrationTestInfrastructure", "tests\EventHorizon.RocketMQ.IntegrationTestInfrastructure\EventHorizon.RocketMQ.IntegrationTestInfrastructure.csproj", "{21B462E1-1250-43E4-BB7D-0E1EAD76D7D5}"
EndProject
Project("{FAE04EC0-301F-11D3-BF4B-00C04F79EFBC}") = "EventHorizon.RocketMQ.Grpc.IntegrationTests", "tests\EventHorizon.RocketMQ.Grpc.IntegrationTests\EventHorizon.RocketMQ.Grpc.IntegrationTests.csproj", "{CECF5ADE-62D5-4B25-9076-BA0D97DC41DE}"
EndProject
Project("{FAE04EC0-301F-11D3-BF4B-00C04F79EFBC}") = "EventHorizon.RocketMQ.Remoting.IntegrationTests", "tests\EventHorizon.RocketMQ.Remoting.IntegrationTests\EventHorizon.RocketMQ.Remoting.IntegrationTests.csproj", "{EC118F86-50FB-472C-8686-5E000243C1F9}"
EndProject
Project("{2150E333-8FDC-42A3-9474-1A3956D46DE8}") = "samples", "samples", "{25E810CA-49F0-40FD-BC14-B2E81F849A17}"
EndProject
Project("{2150E333-8FDC-42A3-9474-1A3956D46DE8}") = "opentelemetry", "opentelemetry", "{583A06A9-5D1B-4B20-8D4B-12D4882D2F61}"
EndProject
Project("{2150E333-8FDC-42A3-9474-1A3956D46DE8}") = "grpc", "grpc", "{C2EF6A1E-FCFD-4D80-8317-7377CAD9FB53}"
EndProject
Project("{FAE04EC0-301F-11D3-BF4B-00C04F79EFBC}") = "EventHorizon.RocketMQ.Samples.Grpc.Producer", "samples\grpc\Producer\EventHorizon.RocketMQ.Samples.Grpc.Producer.csproj", "{6600184C-AAC2-4F91-9369-7535A1108196}"
EndProject
Project("{FAE04EC0-301F-11D3-BF4B-00C04F79EFBC}") = "EventHorizon.RocketMQ.Samples.Grpc.SimpleConsumer", "samples\grpc\SimpleConsumer\EventHorizon.RocketMQ.Samples.Grpc.SimpleConsumer.csproj", "{846A020C-BC8C-45FD-85E9-30833BDC4B00}"
EndProject
Project("{FAE04EC0-301F-11D3-BF4B-00C04F79EFBC}") = "EventHorizon.RocketMQ.Samples.Grpc.PushConsumer", "samples\grpc\PushConsumer\EventHorizon.RocketMQ.Samples.Grpc.PushConsumer.csproj", "{621E054F-4593-49A5-9CA3-50959983A48B}"
EndProject
Project("{FAE04EC0-301F-11D3-BF4B-00C04F79EFBC}") = "EventHorizon.RocketMQ.Samples.Grpc.LitePushConsumer", "samples\grpc\LitePushConsumer\EventHorizon.RocketMQ.Samples.Grpc.LitePushConsumer.csproj", "{B2E2CDA4-3BAD-4DD1-8567-9EDC2A56DF4A}"
EndProject
Project("{2150E333-8FDC-42A3-9474-1A3956D46DE8}") = "remoting", "remoting", "{A07991F9-20A9-4F11-91C6-86DB24D12E50}"
EndProject
Project("{FAE04EC0-301F-11D3-BF4B-00C04F79EFBC}") = "EventHorizon.RocketMQ.Samples.Remoting.Producer", "samples\remoting\Producer\EventHorizon.RocketMQ.Samples.Remoting.Producer.csproj", "{22D13FC0-F065-49F7-9F5C-86DEFD29499A}"
EndProject
Project("{FAE04EC0-301F-11D3-BF4B-00C04F79EFBC}") = "EventHorizon.RocketMQ.Samples.Remoting.Admin", "samples\remoting\Admin\EventHorizon.RocketMQ.Samples.Remoting.Admin.csproj", "{9C53B0C2-75DC-4E20-9898-408E0055BE7C}"
EndProject
Project("{FAE04EC0-301F-11D3-BF4B-00C04F79EFBC}") = "EventHorizon.RocketMQ.Samples.Remoting.PullConsumer", "samples\remoting\PullConsumer\EventHorizon.RocketMQ.Samples.Remoting.PullConsumer.csproj", "{7169331B-4760-4705-81B0-B6271EA7C09A}"
EndProject
Project("{FAE04EC0-301F-11D3-BF4B-00C04F79EFBC}") = "EventHorizon.RocketMQ.Samples.Remoting.LitePullConsumer", "samples\remoting\LitePullConsumer\EventHorizon.RocketMQ.Samples.Remoting.LitePullConsumer.csproj", "{5D5C642E-AB10-4CAB-8DE4-A938E9B46328}"
EndProject
Project("{FAE04EC0-301F-11D3-BF4B-00C04F79EFBC}") = "EventHorizon.RocketMQ.Samples.Remoting.PopConsumer", "samples\remoting\PopConsumer\EventHorizon.RocketMQ.Samples.Remoting.PopConsumer.csproj", "{2E2CF667-14BE-4FAE-A551-2235897E377C}"
EndProject
Project("{FAE04EC0-301F-11D3-BF4B-00C04F79EFBC}") = "EventHorizon.RocketMQ.Samples.Remoting.PushConsumer", "samples\remoting\PushConsumer\EventHorizon.RocketMQ.Samples.Remoting.PushConsumer.csproj", "{B1A5A96B-965B-4F65-B9EB-8EACDB64CE76}"
EndProject
Project("{FAE04EC0-301F-11D3-BF4B-00C04F79EFBC}") = "EventHorizon.RocketMQ.Samples.OpenTelemetry.ProducerWebApi", "samples\opentelemetry\ProducerWebApi\EventHorizon.RocketMQ.Samples.OpenTelemetry.ProducerWebApi.csproj", "{5E65F260-1F17-46BF-AF7F-D1BBF498F82D}"
EndProject
Project("{FAE04EC0-301F-11D3-BF4B-00C04F79EFBC}") = "EventHorizon.RocketMQ.Samples.OpenTelemetry.ConsumerWebApi", "samples\opentelemetry\ConsumerWebApi\EventHorizon.RocketMQ.Samples.OpenTelemetry.ConsumerWebApi.csproj", "{2589E777-BC4E-43D0-9B90-DD7A94923A54}"
EndProject
Global
	GlobalSection(SolutionConfigurationPlatforms) = preSolution
		Debug|Any CPU = Debug|Any CPU
		Debug|x64 = Debug|x64
		Debug|x86 = Debug|x86
		Release|Any CPU = Release|Any CPU
		Release|x64 = Release|x64
		Release|x86 = Release|x86
	EndGlobalSection
	GlobalSection(ProjectConfigurationPlatforms) = postSolution
		{A87C21D6-EC11-4B3A-A9F3-8FBC6438A426}.Debug|Any CPU.ActiveCfg = Debug|Any CPU
		{A87C21D6-EC11-4B3A-A9F3-8FBC6438A426}.Debug|Any CPU.Build.0 = Debug|Any CPU
		{A87C21D6-EC11-4B3A-A9F3-8FBC6438A426}.Debug|x64.ActiveCfg = Debug|Any CPU
		{A87C21D6-EC11-4B3A-A9F3-8FBC6438A426}.Debug|x64.Build.0 = Debug|Any CPU
		{A87C21D6-EC11-4B3A-A9F3-8FBC6438A426}.Debug|x86.ActiveCfg = Debug|Any CPU
		{A87C21D6-EC11-4B3A-A9F3-8FBC6438A426}.Debug|x86.Build.0 = Debug|Any CPU
		{A87C21D6-EC11-4B3A-A9F3-8FBC6438A426}.Release|Any CPU.ActiveCfg = Release|Any CPU
		{A87C21D6-EC11-4B3A-A9F3-8FBC6438A426}.Release|Any CPU.Build.0 = Release|Any CPU
		{A87C21D6-EC11-4B3A-A9F3-8FBC6438A426}.Release|x64.ActiveCfg = Release|Any CPU
		{A87C21D6-EC11-4B3A-A9F3-8FBC6438A426}.Release|x64.Build.0 = Release|Any CPU
		{A87C21D6-EC11-4B3A-A9F3-8FBC6438A426}.Release|x86.ActiveCfg = Release|Any CPU
		{A87C21D6-EC11-4B3A-A9F3-8FBC6438A426}.Release|x86.Build.0 = Release|Any CPU
		{336A0CA5-A476-49F9-A417-6CDC68A60F32}.Debug|Any CPU.ActiveCfg = Debug|Any CPU
		{336A0CA5-A476-49F9-A417-6CDC68A60F32}.Debug|Any CPU.Build.0 = Debug|Any CPU
		{336A0CA5-A476-49F9-A417-6CDC68A60F32}.Debug|x64.ActiveCfg = Debug|Any CPU
		{336A0CA5-A476-49F9-A417-6CDC68A60F32}.Debug|x64.Build.0 = Debug|Any CPU
		{336A0CA5-A476-49F9-A417-6CDC68A60F32}.Debug|x86.ActiveCfg = Debug|Any CPU
		{336A0CA5-A476-49F9-A417-6CDC68A60F32}.Debug|x86.Build.0 = Debug|Any CPU
		{336A0CA5-A476-49F9-A417-6CDC68A60F32}.Release|Any CPU.ActiveCfg = Release|Any CPU
		{336A0CA5-A476-49F9-A417-6CDC68A60F32}.Release|Any CPU.Build.0 = Release|Any CPU
		{336A0CA5-A476-49F9-A417-6CDC68A60F32}.Release|x64.ActiveCfg = Release|Any CPU
		{336A0CA5-A476-49F9-A417-6CDC68A60F32}.Release|x64.Build.0 = Release|Any CPU
		{336A0CA5-A476-49F9-A417-6CDC68A60F32}.Release|x86.ActiveCfg = Release|Any CPU
		{336A0CA5-A476-49F9-A417-6CDC68A60F32}.Release|x86.Build.0 = Release|Any CPU
		{9B062607-2194-4CC8-A397-D0E3FAE2965A}.Debug|Any CPU.ActiveCfg = Debug|Any CPU
		{9B062607-2194-4CC8-A397-D0E3FAE2965A}.Debug|Any CPU.Build.0 = Debug|Any CPU
		{9B062607-2194-4CC8-A397-D0E3FAE2965A}.Debug|x64.ActiveCfg = Debug|Any CPU
		{9B062607-2194-4CC8-A397-D0E3FAE2965A}.Debug|x64.Build.0 = Debug|Any CPU
		{9B062607-2194-4CC8-A397-D0E3FAE2965A}.Debug|x86.ActiveCfg = Debug|Any CPU
		{9B062607-2194-4CC8-A397-D0E3FAE2965A}.Debug|x86.Build.0 = Debug|Any CPU
		{9B062607-2194-4CC8-A397-D0E3FAE2965A}.Release|Any CPU.ActiveCfg = Release|Any CPU
		{9B062607-2194-4CC8-A397-D0E3FAE2965A}.Release|Any CPU.Build.0 = Release|Any CPU
		{9B062607-2194-4CC8-A397-D0E3FAE2965A}.Release|x64.ActiveCfg = Release|Any CPU
		{9B062607-2194-4CC8-A397-D0E3FAE2965A}.Release|x64.Build.0 = Release|Any CPU
		{9B062607-2194-4CC8-A397-D0E3FAE2965A}.Release|x86.ActiveCfg = Release|Any CPU
		{9B062607-2194-4CC8-A397-D0E3FAE2965A}.Release|x86.Build.0 = Release|Any CPU
		{2C37EC30-EB5B-4B3F-9FD8-F4C11680A06F}.Debug|Any CPU.ActiveCfg = Debug|Any CPU
		{2C37EC30-EB5B-4B3F-9FD8-F4C11680A06F}.Debug|Any CPU.Build.0 = Debug|Any CPU
		{2C37EC30-EB5B-4B3F-9FD8-F4C11680A06F}.Debug|x64.ActiveCfg = Debug|Any CPU
		{2C37EC30-EB5B-4B3F-9FD8-F4C11680A06F}.Debug|x64.Build.0 = Debug|Any CPU
		{2C37EC30-EB5B-4B3F-9FD8-F4C11680A06F}.Debug|x86.ActiveCfg = Debug|Any CPU
		{2C37EC30-EB5B-4B3F-9FD8-F4C11680A06F}.Debug|x86.Build.0 = Debug|Any CPU
		{2C37EC30-EB5B-4B3F-9FD8-F4C11680A06F}.Release|Any CPU.ActiveCfg = Release|Any CPU
		{2C37EC30-EB5B-4B3F-9FD8-F4C11680A06F}.Release|Any CPU.Build.0 = Release|Any CPU
		{2C37EC30-EB5B-4B3F-9FD8-F4C11680A06F}.Release|x64.ActiveCfg = Release|Any CPU
		{2C37EC30-EB5B-4B3F-9FD8-F4C11680A06F}.Release|x64.Build.0 = Release|Any CPU
		{2C37EC30-EB5B-4B3F-9FD8-F4C11680A06F}.Release|x86.ActiveCfg = Release|Any CPU
		{2C37EC30-EB5B-4B3F-9FD8-F4C11680A06F}.Release|x86.Build.0 = Release|Any CPU
		{E1574780-5230-4664-9F10-3B9B057E9818}.Debug|Any CPU.ActiveCfg = Debug|Any CPU
		{E1574780-5230-4664-9F10-3B9B057E9818}.Debug|Any CPU.Build.0 = Debug|Any CPU
		{E1574780-5230-4664-9F10-3B9B057E9818}.Debug|x64.ActiveCfg = Debug|Any CPU
		{E1574780-5230-4664-9F10-3B9B057E9818}.Debug|x64.Build.0 = Debug|Any CPU
		{E1574780-5230-4664-9F10-3B9B057E9818}.Debug|x86.ActiveCfg = Debug|Any CPU
		{E1574780-5230-4664-9F10-3B9B057E9818}.Debug|x86.Build.0 = Debug|Any CPU
		{E1574780-5230-4664-9F10-3B9B057E9818}.Release|Any CPU.ActiveCfg = Release|Any CPU
		{E1574780-5230-4664-9F10-3B9B057E9818}.Release|Any CPU.Build.0 = Release|Any CPU
		{E1574780-5230-4664-9F10-3B9B057E9818}.Release|x64.ActiveCfg = Release|Any CPU
		{E1574780-5230-4664-9F10-3B9B057E9818}.Release|x64.Build.0 = Release|Any CPU
		{E1574780-5230-4664-9F10-3B9B057E9818}.Release|x86.ActiveCfg = Release|Any CPU
		{E1574780-5230-4664-9F10-3B9B057E9818}.Release|x86.Build.0 = Release|Any CPU
		{21B462E1-1250-43E4-BB7D-0E1EAD76D7D5}.Debug|Any CPU.ActiveCfg = Debug|Any CPU
		{21B462E1-1250-43E4-BB7D-0E1EAD76D7D5}.Debug|Any CPU.Build.0 = Debug|Any CPU
		{21B462E1-1250-43E4-BB7D-0E1EAD76D7D5}.Debug|x64.ActiveCfg = Debug|Any CPU
		{21B462E1-1250-43E4-BB7D-0E1EAD76D7D5}.Debug|x64.Build.0 = Debug|Any CPU
		{21B462E1-1250-43E4-BB7D-0E1EAD76D7D5}.Debug|x86.ActiveCfg = Debug|Any CPU
		{21B462E1-1250-43E4-BB7D-0E1EAD76D7D5}.Debug|x86.Build.0 = Debug|Any CPU
		{21B462E1-1250-43E4-BB7D-0E1EAD76D7D5}.Release|Any CPU.ActiveCfg = Release|Any CPU
		{21B462E1-1250-43E4-BB7D-0E1EAD76D7D5}.Release|Any CPU.Build.0 = Release|Any CPU
		{21B462E1-1250-43E4-BB7D-0E1EAD76D7D5}.Release|x64.ActiveCfg = Release|Any CPU
		{21B462E1-1250-43E4-BB7D-0E1EAD76D7D5}.Release|x64.Build.0 = Release|Any CPU
		{21B462E1-1250-43E4-BB7D-0E1EAD76D7D5}.Release|x86.ActiveCfg = Release|Any CPU
		{21B462E1-1250-43E4-BB7D-0E1EAD76D7D5}.Release|x86.Build.0 = Release|Any CPU
		{CECF5ADE-62D5-4B25-9076-BA0D97DC41DE}.Debug|Any CPU.ActiveCfg = Debug|Any CPU
		{CECF5ADE-62D5-4B25-9076-BA0D97DC41DE}.Debug|Any CPU.Build.0 = Debug|Any CPU
		{CECF5ADE-62D5-4B25-9076-BA0D97DC41DE}.Debug|x64.ActiveCfg = Debug|Any CPU
		{CECF5ADE-62D5-4B25-9076-BA0D97DC41DE}.Debug|x64.Build.0 = Debug|Any CPU
		{CECF5ADE-62D5-4B25-9076-BA0D97DC41DE}.Debug|x86.ActiveCfg = Debug|Any CPU
		{CECF5ADE-62D5-4B25-9076-BA0D97DC41DE}.Debug|x86.Build.0 = Debug|Any CPU
		{CECF5ADE-62D5-4B25-9076-BA0D97DC41DE}.Release|Any CPU.ActiveCfg = Release|Any CPU
		{CECF5ADE-62D5-4B25-9076-BA0D97DC41DE}.Release|Any CPU.Build.0 = Release|Any CPU
		{CECF5ADE-62D5-4B25-9076-BA0D97DC41DE}.Release|x64.ActiveCfg = Release|Any CPU
		{CECF5ADE-62D5-4B25-9076-BA0D97DC41DE}.Release|x64.Build.0 = Release|Any CPU
		{CECF5ADE-62D5-4B25-9076-BA0D97DC41DE}.Release|x86.ActiveCfg = Release|Any CPU
		{CECF5ADE-62D5-4B25-9076-BA0D97DC41DE}.Release|x86.Build.0 = Release|Any CPU
		{EC118F86-50FB-472C-8686-5E000243C1F9}.Debug|Any CPU.ActiveCfg = Debug|Any CPU
		{EC118F86-50FB-472C-8686-5E000243C1F9}.Debug|Any CPU.Build.0 = Debug|Any CPU
		{EC118F86-50FB-472C-8686-5E000243C1F9}.Debug|x64.ActiveCfg = Debug|Any CPU
		{EC118F86-50FB-472C-8686-5E000243C1F9}.Debug|x64.Build.0 = Debug|Any CPU
		{EC118F86-50FB-472C-8686-5E000243C1F9}.Debug|x86.ActiveCfg = Debug|Any CPU
		{EC118F86-50FB-472C-8686-5E000243C1F9}.Debug|x86.Build.0 = Debug|Any CPU
		{EC118F86-50FB-472C-8686-5E000243C1F9}.Release|Any CPU.ActiveCfg = Release|Any CPU
		{EC118F86-50FB-472C-8686-5E000243C1F9}.Release|Any CPU.Build.0 = Release|Any CPU
		{EC118F86-50FB-472C-8686-5E000243C1F9}.Release|x64.ActiveCfg = Release|Any CPU
		{EC118F86-50FB-472C-8686-5E000243C1F9}.Release|x64.Build.0 = Release|Any CPU
		{EC118F86-50FB-472C-8686-5E000243C1F9}.Release|x86.ActiveCfg = Release|Any CPU
		{EC118F86-50FB-472C-8686-5E000243C1F9}.Release|x86.Build.0 = Release|Any CPU
		{6600184C-AAC2-4F91-9369-7535A1108196}.Debug|Any CPU.ActiveCfg = Debug|Any CPU
		{6600184C-AAC2-4F91-9369-7535A1108196}.Debug|Any CPU.Build.0 = Debug|Any CPU
		{6600184C-AAC2-4F91-9369-7535A1108196}.Debug|x64.ActiveCfg = Debug|Any CPU
		{6600184C-AAC2-4F91-9369-7535A1108196}.Debug|x64.Build.0 = Debug|Any CPU
		{6600184C-AAC2-4F91-9369-7535A1108196}.Debug|x86.ActiveCfg = Debug|Any CPU
		{6600184C-AAC2-4F91-9369-7535A1108196}.Debug|x86.Build.0 = Debug|Any CPU
		{6600184C-AAC2-4F91-9369-7535A1108196}.Release|Any CPU.ActiveCfg = Release|Any CPU
		{6600184C-AAC2-4F91-9369-7535A1108196}.Release|Any CPU.Build.0 = Release|Any CPU
		{6600184C-AAC2-4F91-9369-7535A1108196}.Release|x64.ActiveCfg = Release|Any CPU
		{6600184C-AAC2-4F91-9369-7535A1108196}.Release|x64.Build.0 = Release|Any CPU
		{6600184C-AAC2-4F91-9369-7535A1108196}.Release|x86.ActiveCfg = Release|Any CPU
		{6600184C-AAC2-4F91-9369-7535A1108196}.Release|x86.Build.0 = Release|Any CPU
		{846A020C-BC8C-45FD-85E9-30833BDC4B00}.Debug|Any CPU.ActiveCfg = Debug|Any CPU
		{846A020C-BC8C-45FD-85E9-30833BDC4B00}.Debug|Any CPU.Build.0 = Debug|Any CPU
		{846A020C-BC8C-45FD-85E9-30833BDC4B00}.Debug|x64.ActiveCfg = Debug|Any CPU
		{846A020C-BC8C-45FD-85E9-30833BDC4B00}.Debug|x64.Build.0 = Debug|Any CPU
		{846A020C-BC8C-45FD-85E9-30833BDC4B00}.Debug|x86.ActiveCfg = Debug|Any CPU
		{846A020C-BC8C-45FD-85E9-30833BDC4B00}.Debug|x86.Build.0 = Debug|Any CPU
		{846A020C-BC8C-45FD-85E9-30833BDC4B00}.Release|Any CPU.ActiveCfg = Release|Any CPU
		{846A020C-BC8C-45FD-85E9-30833BDC4B00}.Release|Any CPU.Build.0 = Release|Any CPU
		{846A020C-BC8C-45FD-85E9-30833BDC4B00}.Release|x64.ActiveCfg = Release|Any CPU
		{846A020C-BC8C-45FD-85E9-30833BDC4B00}.Release|x64.Build.0 = Release|Any CPU
		{846A020C-BC8C-45FD-85E9-30833BDC4B00}.Release|x86.ActiveCfg = Release|Any CPU
		{846A020C-BC8C-45FD-85E9-30833BDC4B00}.Release|x86.Build.0 = Release|Any CPU
		{621E054F-4593-49A5-9CA3-50959983A48B}.Debug|Any CPU.ActiveCfg = Debug|Any CPU
		{621E054F-4593-49A5-9CA3-50959983A48B}.Debug|Any CPU.Build.0 = Debug|Any CPU
		{621E054F-4593-49A5-9CA3-50959983A48B}.Debug|x64.ActiveCfg = Debug|Any CPU
		{621E054F-4593-49A5-9CA3-50959983A48B}.Debug|x64.Build.0 = Debug|Any CPU
		{621E054F-4593-49A5-9CA3-50959983A48B}.Debug|x86.ActiveCfg = Debug|Any CPU
		{621E054F-4593-49A5-9CA3-50959983A48B}.Debug|x86.Build.0 = Debug|Any CPU
		{621E054F-4593-49A5-9CA3-50959983A48B}.Release|Any CPU.ActiveCfg = Release|Any CPU
		{621E054F-4593-49A5-9CA3-50959983A48B}.Release|Any CPU.Build.0 = Release|Any CPU
		{621E054F-4593-49A5-9CA3-50959983A48B}.Release|x64.ActiveCfg = Release|Any CPU
		{621E054F-4593-49A5-9CA3-50959983A48B}.Release|x64.Build.0 = Release|Any CPU
		{621E054F-4593-49A5-9CA3-50959983A48B}.Release|x86.ActiveCfg = Release|Any CPU
		{621E054F-4593-49A5-9CA3-50959983A48B}.Release|x86.Build.0 = Release|Any CPU
		{B2E2CDA4-3BAD-4DD1-8567-9EDC2A56DF4A}.Debug|Any CPU.ActiveCfg = Debug|Any CPU
		{B2E2CDA4-3BAD-4DD1-8567-9EDC2A56DF4A}.Debug|Any CPU.Build.0 = Debug|Any CPU
		{B2E2CDA4-3BAD-4DD1-8567-9EDC2A56DF4A}.Debug|x64.ActiveCfg = Debug|Any CPU
		{B2E2CDA4-3BAD-4DD1-8567-9EDC2A56DF4A}.Debug|x64.Build.0 = Debug|Any CPU
		{B2E2CDA4-3BAD-4DD1-8567-9EDC2A56DF4A}.Debug|x86.ActiveCfg = Debug|Any CPU
		{B2E2CDA4-3BAD-4DD1-8567-9EDC2A56DF4A}.Debug|x86.Build.0 = Debug|Any CPU
		{B2E2CDA4-3BAD-4DD1-8567-9EDC2A56DF4A}.Release|Any CPU.ActiveCfg = Release|Any CPU
		{B2E2CDA4-3BAD-4DD1-8567-9EDC2A56DF4A}.Release|Any CPU.Build.0 = Release|Any CPU
		{B2E2CDA4-3BAD-4DD1-8567-9EDC2A56DF4A}.Release|x64.ActiveCfg = Release|Any CPU
		{B2E2CDA4-3BAD-4DD1-8567-9EDC2A56DF4A}.Release|x64.Build.0 = Release|Any CPU
		{B2E2CDA4-3BAD-4DD1-8567-9EDC2A56DF4A}.Release|x86.ActiveCfg = Release|Any CPU
		{B2E2CDA4-3BAD-4DD1-8567-9EDC2A56DF4A}.Release|x86.Build.0 = Release|Any CPU
		{22D13FC0-F065-49F7-9F5C-86DEFD29499A}.Debug|Any CPU.ActiveCfg = Debug|Any CPU
		{22D13FC0-F065-49F7-9F5C-86DEFD29499A}.Debug|Any CPU.Build.0 = Debug|Any CPU
		{22D13FC0-F065-49F7-9F5C-86DEFD29499A}.Debug|x64.ActiveCfg = Debug|Any CPU
		{22D13FC0-F065-49F7-9F5C-86DEFD29499A}.Debug|x64.Build.0 = Debug|Any CPU
		{22D13FC0-F065-49F7-9F5C-86DEFD29499A}.Debug|x86.ActiveCfg = Debug|Any CPU
		{22D13FC0-F065-49F7-9F5C-86DEFD29499A}.Debug|x86.Build.0 = Debug|Any CPU
		{22D13FC0-F065-49F7-9F5C-86DEFD29499A}.Release|Any CPU.ActiveCfg = Release|Any CPU
		{22D13FC0-F065-49F7-9F5C-86DEFD29499A}.Release|Any CPU.Build.0 = Release|Any CPU
		{22D13FC0-F065-49F7-9F5C-86DEFD29499A}.Release|x64.ActiveCfg = Release|Any CPU
		{22D13FC0-F065-49F7-9F5C-86DEFD29499A}.Release|x64.Build.0 = Release|Any CPU
		{22D13FC0-F065-49F7-9F5C-86DEFD29499A}.Release|x86.ActiveCfg = Release|Any CPU
		{22D13FC0-F065-49F7-9F5C-86DEFD29499A}.Release|x86.Build.0 = Release|Any CPU
		{9C53B0C2-75DC-4E20-9898-408E0055BE7C}.Debug|Any CPU.ActiveCfg = Debug|Any CPU
		{9C53B0C2-75DC-4E20-9898-408E0055BE7C}.Debug|Any CPU.Build.0 = Debug|Any CPU
		{9C53B0C2-75DC-4E20-9898-408E0055BE7C}.Debug|x64.ActiveCfg = Debug|Any CPU
		{9C53B0C2-75DC-4E20-9898-408E0055BE7C}.Debug|x64.Build.0 = Debug|Any CPU
		{9C53B0C2-75DC-4E20-9898-408E0055BE7C}.Debug|x86.ActiveCfg = Debug|Any CPU
		{9C53B0C2-75DC-4E20-9898-408E0055BE7C}.Debug|x86.Build.0 = Debug|Any CPU
		{9C53B0C2-75DC-4E20-9898-408E0055BE7C}.Release|Any CPU.ActiveCfg = Release|Any CPU
		{9C53B0C2-75DC-4E20-9898-408E0055BE7C}.Release|Any CPU.Build.0 = Release|Any CPU
		{9C53B0C2-75DC-4E20-9898-408E0055BE7C}.Release|x64.ActiveCfg = Release|Any CPU
		{9C53B0C2-75DC-4E20-9898-408E0055BE7C}.Release|x64.Build.0 = Release|Any CPU
		{9C53B0C2-75DC-4E20-9898-408E0055BE7C}.Release|x86.ActiveCfg = Release|Any CPU
		{9C53B0C2-75DC-4E20-9898-408E0055BE7C}.Release|x86.Build.0 = Release|Any CPU
		{7169331B-4760-4705-81B0-B6271EA7C09A}.Debug|Any CPU.ActiveCfg = Debug|Any CPU
		{7169331B-4760-4705-81B0-B6271EA7C09A}.Debug|Any CPU.Build.0 = Debug|Any CPU
		{7169331B-4760-4705-81B0-B6271EA7C09A}.Debug|x64.ActiveCfg = Debug|Any CPU
		{7169331B-4760-4705-81B0-B6271EA7C09A}.Debug|x64.Build.0 = Debug|Any CPU
		{7169331B-4760-4705-81B0-B6271EA7C09A}.Debug|x86.ActiveCfg = Debug|Any CPU
		{7169331B-4760-4705-81B0-B6271EA7C09A}.Debug|x86.Build.0 = Debug|Any CPU
		{7169331B-4760-4705-81B0-B6271EA7C09A}.Release|Any CPU.ActiveCfg = Release|Any CPU
		{7169331B-4760-4705-81B0-B6271EA7C09A}.Release|Any CPU.Build.0 = Release|Any CPU
		{7169331B-4760-4705-81B0-B6271EA7C09A}.Release|x64.ActiveCfg = Release|Any CPU
		{7169331B-4760-4705-81B0-B6271EA7C09A}.Release|x64.Build.0 = Release|Any CPU
		{7169331B-4760-4705-81B0-B6271EA7C09A}.Release|x86.ActiveCfg = Release|Any CPU
		{7169331B-4760-4705-81B0-B6271EA7C09A}.Release|x86.Build.0 = Release|Any CPU
		{5D5C642E-AB10-4CAB-8DE4-A938E9B46328}.Debug|Any CPU.ActiveCfg = Debug|Any CPU
		{5D5C642E-AB10-4CAB-8DE4-A938E9B46328}.Debug|Any CPU.Build.0 = Debug|Any CPU
		{5D5C642E-AB10-4CAB-8DE4-A938E9B46328}.Debug|x64.ActiveCfg = Debug|Any CPU
		{5D5C642E-AB10-4CAB-8DE4-A938E9B46328}.Debug|x64.Build.0 = Debug|Any CPU
		{5D5C642E-AB10-4CAB-8DE4-A938E9B46328}.Debug|x86.ActiveCfg = Debug|Any CPU
		{5D5C642E-AB10-4CAB-8DE4-A938E9B46328}.Debug|x86.Build.0 = Debug|Any CPU
		{5D5C642E-AB10-4CAB-8DE4-A938E9B46328}.Release|Any CPU.ActiveCfg = Release|Any CPU
		{5D5C642E-AB10-4CAB-8DE4-A938E9B46328}.Release|Any CPU.Build.0 = Release|Any CPU
		{5D5C642E-AB10-4CAB-8DE4-A938E9B46328}.Release|x64.ActiveCfg = Release|Any CPU
		{5D5C642E-AB10-4CAB-8DE4-A938E9B46328}.Release|x64.Build.0 = Release|Any CPU
		{5D5C642E-AB10-4CAB-8DE4-A938E9B46328}.Release|x86.ActiveCfg = Release|Any CPU
		{5D5C642E-AB10-4CAB-8DE4-A938E9B46328}.Release|x86.Build.0 = Release|Any CPU
		{2E2CF667-14BE-4FAE-A551-2235897E377C}.Debug|Any CPU.ActiveCfg = Debug|Any CPU
		{2E2CF667-14BE-4FAE-A551-2235897E377C}.Debug|Any CPU.Build.0 = Debug|Any CPU
		{2E2CF667-14BE-4FAE-A551-2235897E377C}.Debug|x64.ActiveCfg = Debug|Any CPU
		{2E2CF667-14BE-4FAE-A551-2235897E377C}.Debug|x64.Build.0 = Debug|Any CPU
		{2E2CF667-14BE-4FAE-A551-2235897E377C}.Debug|x86.ActiveCfg = Debug|Any CPU
		{2E2CF667-14BE-4FAE-A551-2235897E377C}.Debug|x86.Build.0 = Debug|Any CPU
		{2E2CF667-14BE-4FAE-A551-2235897E377C}.Release|Any CPU.ActiveCfg = Release|Any CPU
		{2E2CF667-14BE-4FAE-A551-2235897E377C}.Release|Any CPU.Build.0 = Release|Any CPU
		{2E2CF667-14BE-4FAE-A551-2235897E377C}.Release|x64.ActiveCfg = Release|Any CPU
		{2E2CF667-14BE-4FAE-A551-2235897E377C}.Release|x64.Build.0 = Release|Any CPU
		{2E2CF667-14BE-4FAE-A551-2235897E377C}.Release|x86.ActiveCfg = Release|Any CPU
		{2E2CF667-14BE-4FAE-A551-2235897E377C}.Release|x86.Build.0 = Release|Any CPU
		{B1A5A96B-965B-4F65-B9EB-8EACDB64CE76}.Debug|Any CPU.ActiveCfg = Debug|Any CPU
		{B1A5A96B-965B-4F65-B9EB-8EACDB64CE76}.Debug|Any CPU.Build.0 = Debug|Any CPU
		{B1A5A96B-965B-4F65-B9EB-8EACDB64CE76}.Debug|x64.ActiveCfg = Debug|Any CPU
		{B1A5A96B-965B-4F65-B9EB-8EACDB64CE76}.Debug|x64.Build.0 = Debug|Any CPU
		{B1A5A96B-965B-4F65-B9EB-8EACDB64CE76}.Debug|x86.ActiveCfg = Debug|Any CPU
		{B1A5A96B-965B-4F65-B9EB-8EACDB64CE76}.Debug|x86.Build.0 = Debug|Any CPU
		{B1A5A96B-965B-4F65-B9EB-8EACDB64CE76}.Release|Any CPU.ActiveCfg = Release|Any CPU
		{B1A5A96B-965B-4F65-B9EB-8EACDB64CE76}.Release|Any CPU.Build.0 = Release|Any CPU
		{B1A5A96B-965B-4F65-B9EB-8EACDB64CE76}.Release|x64.ActiveCfg = Release|Any CPU
		{B1A5A96B-965B-4F65-B9EB-8EACDB64CE76}.Release|x64.Build.0 = Release|Any CPU
		{B1A5A96B-965B-4F65-B9EB-8EACDB64CE76}.Release|x86.ActiveCfg = Release|Any CPU
		{B1A5A96B-965B-4F65-B9EB-8EACDB64CE76}.Release|x86.Build.0 = Release|Any CPU
		{584A17A5-4F07-4CA9-B5C4-8FFAB2B5ED73}.Debug|Any CPU.ActiveCfg = Debug|Any CPU
		{584A17A5-4F07-4CA9-B5C4-8FFAB2B5ED73}.Debug|Any CPU.Build.0 = Debug|Any CPU
		{584A17A5-4F07-4CA9-B5C4-8FFAB2B5ED73}.Debug|x64.ActiveCfg = Debug|Any CPU
		{584A17A5-4F07-4CA9-B5C4-8FFAB2B5ED73}.Debug|x64.Build.0 = Debug|Any CPU
		{584A17A5-4F07-4CA9-B5C4-8FFAB2B5ED73}.Debug|x86.ActiveCfg = Debug|Any CPU
		{584A17A5-4F07-4CA9-B5C4-8FFAB2B5ED73}.Debug|x86.Build.0 = Debug|Any CPU
		{584A17A5-4F07-4CA9-B5C4-8FFAB2B5ED73}.Release|Any CPU.ActiveCfg = Release|Any CPU
		{584A17A5-4F07-4CA9-B5C4-8FFAB2B5ED73}.Release|Any CPU.Build.0 = Release|Any CPU
		{584A17A5-4F07-4CA9-B5C4-8FFAB2B5ED73}.Release|x64.ActiveCfg = Release|Any CPU
		{584A17A5-4F07-4CA9-B5C4-8FFAB2B5ED73}.Release|x64.Build.0 = Release|Any CPU
		{584A17A5-4F07-4CA9-B5C4-8FFAB2B5ED73}.Release|x86.ActiveCfg = Release|Any CPU
		{584A17A5-4F07-4CA9-B5C4-8FFAB2B5ED73}.Release|x86.Build.0 = Release|Any CPU
		{5E65F260-1F17-46BF-AF7F-D1BBF498F82D}.Debug|Any CPU.ActiveCfg = Debug|Any CPU
		{5E65F260-1F17-46BF-AF7F-D1BBF498F82D}.Debug|Any CPU.Build.0 = Debug|Any CPU
		{5E65F260-1F17-46BF-AF7F-D1BBF498F82D}.Debug|x64.ActiveCfg = Debug|Any CPU
		{5E65F260-1F17-46BF-AF7F-D1BBF498F82D}.Debug|x64.Build.0 = Debug|Any CPU
		{5E65F260-1F17-46BF-AF7F-D1BBF498F82D}.Debug|x86.ActiveCfg = Debug|Any CPU
		{5E65F260-1F17-46BF-AF7F-D1BBF498F82D}.Debug|x86.Build.0 = Debug|Any CPU
		{5E65F260-1F17-46BF-AF7F-D1BBF498F82D}.Release|Any CPU.ActiveCfg = Release|Any CPU
		{5E65F260-1F17-46BF-AF7F-D1BBF498F82D}.Release|Any CPU.Build.0 = Release|Any CPU
		{5E65F260-1F17-46BF-AF7F-D1BBF498F82D}.Release|x64.ActiveCfg = Release|Any CPU
		{5E65F260-1F17-46BF-AF7F-D1BBF498F82D}.Release|x64.Build.0 = Release|Any CPU
		{5E65F260-1F17-46BF-AF7F-D1BBF498F82D}.Release|x86.ActiveCfg = Release|Any CPU
		{5E65F260-1F17-46BF-AF7F-D1BBF498F82D}.Release|x86.Build.0 = Release|Any CPU
		{2589E777-BC4E-43D0-9B90-DD7A94923A54}.Debug|Any CPU.ActiveCfg = Debug|Any CPU
		{2589E777-BC4E-43D0-9B90-DD7A94923A54}.Debug|Any CPU.Build.0 = Debug|Any CPU
		{2589E777-BC4E-43D0-9B90-DD7A94923A54}.Debug|x64.ActiveCfg = Debug|Any CPU
		{2589E777-BC4E-43D0-9B90-DD7A94923A54}.Debug|x64.Build.0 = Debug|Any CPU
		{2589E777-BC4E-43D0-9B90-DD7A94923A54}.Debug|x86.ActiveCfg = Debug|Any CPU
		{2589E777-BC4E-43D0-9B90-DD7A94923A54}.Debug|x86.Build.0 = Debug|Any CPU
		{2589E777-BC4E-43D0-9B90-DD7A94923A54}.Release|Any CPU.ActiveCfg = Release|Any CPU
		{2589E777-BC4E-43D0-9B90-DD7A94923A54}.Release|Any CPU.Build.0 = Release|Any CPU
		{2589E777-BC4E-43D0-9B90-DD7A94923A54}.Release|x64.ActiveCfg = Release|Any CPU
		{2589E777-BC4E-43D0-9B90-DD7A94923A54}.Release|x64.Build.0 = Release|Any CPU
		{2589E777-BC4E-43D0-9B90-DD7A94923A54}.Release|x86.ActiveCfg = Release|Any CPU
		{2589E777-BC4E-43D0-9B90-DD7A94923A54}.Release|x86.Build.0 = Release|Any CPU
	EndGlobalSection
	GlobalSection(SolutionProperties) = preSolution
		HideSolutionNode = FALSE
	EndGlobalSection
	GlobalSection(NestedProjects) = preSolution
		{A87C21D6-EC11-4B3A-A9F3-8FBC6438A426} = {3A1EB8F8-097C-41D3-97E3-EA8BCD15C4E4}
		{336A0CA5-A476-49F9-A417-6CDC68A60F32} = {E8C84D48-D505-4379-B457-21D3CBDA5F0F}
		{9B062607-2194-4CC8-A397-D0E3FAE2965A} = {E8C84D48-D505-4379-B457-21D3CBDA5F0F}
		{584A17A5-4F07-4CA9-B5C4-8FFAB2B5ED73} = {3A1EB8F8-097C-41D3-97E3-EA8BCD15C4E4}
		{2C37EC30-EB5B-4B3F-9FD8-F4C11680A06F} = {3A1EB8F8-097C-41D3-97E3-EA8BCD15C4E4}
		{E1574780-5230-4664-9F10-3B9B057E9818} = {3A1EB8F8-097C-41D3-97E3-EA8BCD15C4E4}
		{21B462E1-1250-43E4-BB7D-0E1EAD76D7D5} = {3A1EB8F8-097C-41D3-97E3-EA8BCD15C4E4}
		{CECF5ADE-62D5-4B25-9076-BA0D97DC41DE} = {3A1EB8F8-097C-41D3-97E3-EA8BCD15C4E4}
		{EC118F86-50FB-472C-8686-5E000243C1F9} = {3A1EB8F8-097C-41D3-97E3-EA8BCD15C4E4}
		{583A06A9-5D1B-4B20-8D4B-12D4882D2F61} = {25E810CA-49F0-40FD-BC14-B2E81F849A17}
		{C2EF6A1E-FCFD-4D80-8317-7377CAD9FB53} = {25E810CA-49F0-40FD-BC14-B2E81F849A17}
		{6600184C-AAC2-4F91-9369-7535A1108196} = {C2EF6A1E-FCFD-4D80-8317-7377CAD9FB53}
		{846A020C-BC8C-45FD-85E9-30833BDC4B00} = {C2EF6A1E-FCFD-4D80-8317-7377CAD9FB53}
		{621E054F-4593-49A5-9CA3-50959983A48B} = {C2EF6A1E-FCFD-4D80-8317-7377CAD9FB53}
		{B2E2CDA4-3BAD-4DD1-8567-9EDC2A56DF4A} = {C2EF6A1E-FCFD-4D80-8317-7377CAD9FB53}
		{A07991F9-20A9-4F11-91C6-86DB24D12E50} = {25E810CA-49F0-40FD-BC14-B2E81F849A17}
		{22D13FC0-F065-49F7-9F5C-86DEFD29499A} = {A07991F9-20A9-4F11-91C6-86DB24D12E50}
		{9C53B0C2-75DC-4E20-9898-408E0055BE7C} = {A07991F9-20A9-4F11-91C6-86DB24D12E50}
		{7169331B-4760-4705-81B0-B6271EA7C09A} = {A07991F9-20A9-4F11-91C6-86DB24D12E50}
		{5D5C642E-AB10-4CAB-8DE4-A938E9B46328} = {A07991F9-20A9-4F11-91C6-86DB24D12E50}
		{2E2CF667-14BE-4FAE-A551-2235897E377C} = {A07991F9-20A9-4F11-91C6-86DB24D12E50}
		{B1A5A96B-965B-4F65-B9EB-8EACDB64CE76} = {A07991F9-20A9-4F11-91C6-86DB24D12E50}
		{5E65F260-1F17-46BF-AF7F-D1BBF498F82D} = {583A06A9-5D1B-4B20-8D4B-12D4882D2F61}
		{2589E777-BC4E-43D0-9B90-DD7A94923A54} = {583A06A9-5D1B-4B20-8D4B-12D4882D2F61}
	EndGlobalSection
EndGlobal
